
Microsoft Visual Studio Solution File, Format Version 12.00
# Visual Studio Version 16
VisualStudioVersion = 16.0.30011.22
MinimumVisualStudioVersion = 10.0.40219.1
Project("{FAE04EC0-301F-11D3-BF4B-00C04F79EFBC}") = "TuringModules", "TuringModules\TuringModules.csproj", "{F2BCB940-432A-463D-8725-D2D70DE2828E}"
EndProject
Global
	GlobalSection(SolutionConfigurationPlatforms) = preSolution
		Debug|Any CPU = Debug|Any CPU
		Release|Any CPU = Release|Any CPU
	EndGlobalSection
	GlobalSection(ProjectConfigurationPlatforms) = postSolution
		{F2BCB940-432A-463D-8725-D2D70DE2828E}.Debug|Any CPU.ActiveCfg = Debug|Any CPU
		{F2BCB940-432A-463D-8725-D2D70DE2828E}.Debug|Any CPU.Build.0 = Debug|Any CPU
		{F2BCB940-432A-463D-8725-D2D70DE2828E}.Release|Any CPU.ActiveCfg = Release|Any CPU
		{F2BCB940-432A-463D-8725-D2D70DE2828E}.Release|Any CPU.Build.0 = Release|Any CPU
	EndGlobalSection
	GlobalSection(SolutionProperties) = preSolution
		HideSolutionNode = FALSE
	EndGlobalSection
	GlobalSection(ExtensibilityGlobals) = postSolution
		SolutionGuid = {B0636F66-8619-4838-9476-8E23424E0384}
	EndGlobalSection
EndGlobal
